
Microsoft Visual Studio Solution File, Format Version 12.00
# Visual Studio Version 16
VisualStudioVersion = 16.0.31410.357
MinimumVisualStudioVersion = 10.0.40219.1
Project("{8BC9CEB8-8B4A-11D0-8D11-00A0C91BC942}") = "sandbox", "sandbox\sandbox.vcxproj", "{954A4493-38BC-4E68-95CE-761500522893}"
EndProject
Project("{8BC9CEB8-8B4A-11D0-8D11-00A0C91BC942}") = "Engine", "Engine\Engine.vcxproj", "{AD393BD0-97E2-44D9-B954-96F1FFFD7D1A}"
EndProject
Global
	GlobalSection(SolutionConfigurationPlatforms) = preSolution
		Debug|x64 = Debug|x64
		Release|x64 = Release|x64
	EndGlobalSection
	GlobalSection(ProjectConfigurationPlatforms) = postSolution
		{AD393BD0-97E2-44D9-B954-96F1FFFD7D1A}.Debug|x64.ActiveCfg = Debug|x64
		{AD393BD0-97E2-44D9-B954-96F1FFFD7D1A}.Debug|x64.Build.0 = Debug|x64
		{AD393BD0-97E2-44D9-B954-96F1FFFD7D1A}.Release|x64.ActiveCfg = Release|x64
		{AD393BD0-97E2-44D9-B954-96F1FFFD7D1A}.Release|x64.Build.0 = Release|x64
		{954A4493-38BC-4E68-95CE-761500522893}.Debug|x64.ActiveCfg = Debug|x64
		{954A4493-38BC-4E68-95CE-761500522893}.Debug|x64.Build.0 = Debug|x64
		{954A4493-38BC-4E68-95CE-761500522893}.Release|x64.ActiveCfg = Release|x64
		{954A4493-38BC-4E68-95CE-761500522893}.Release|x64.Build.0 = Release|x64
	EndGlobalSection
	GlobalSection(SolutionProperties) = preSolution
		HideSolutionNode = FALSE
	EndGlobalSection
	GlobalSection(ExtensibilityGlobals) = postSolution
		SolutionGuid = {C9D660D4-18FA-4B33-ACA2-B4BAC037452B}
	EndGlobalSection
EndGlobal
